
Microsoft Visual Studio Solution File, Format Version 12.00
# Visual Studio 14
VisualStudioVersion = 14.0.25420.1
MinimumVisualStudioVersion = 10.0.40219.1
Project("{FAE04EC0-301F-11D3-BF4B-00C04F79EFBC}") = "Audio Pipes", "Audio Pipes\Audio Pipes.csproj", "{007C3678-A849-48EA-9251-1AAA1B947493}"
EndProject
Global
	GlobalSection(SolutionConfigurationPlatforms) = preSolution
		Debug|ARM = Debug|ARM
		Debug|x64 = Debug|x64
		Debug|x86 = Debug|x86
		Release|ARM = Release|ARM
		Release|x64 = Release|x64
		Release|x86 = Release|x86
	EndGlobalSection
	GlobalSection(ProjectConfigurationPlatforms) = postSolution
		{007C3678-A849-48EA-9251-1AAA1B947493}.Debug|ARM.ActiveCfg = Debug|ARM
		{007C3678-A849-48EA-9251-1AAA1B947493}.Debug|ARM.Build.0 = Debug|ARM
		{007C3678-A849-48EA-9251-1AAA1B947493}.Debug|ARM.Deploy.0 = Debug|ARM
		{007C3678-A849-48EA-9251-1AAA1B947493}.Debug|x64.ActiveCfg = Debug|x64
		{007C3678-A849-48EA-9251-1AAA1B947493}.Debug|x64.Build.0 = Debug|x64
		{007C3678-A849-48EA-9251-1AAA1B947493}.Debug|x64.Deploy.0 = Debug|x64
		{007C3678-A849-48EA-9251-1AAA1B947493}.Debug|x86.ActiveCfg = Debug|x86
		{007C3678-A849-48EA-9251-1AAA1B947493}.Debug|x86.Build.0 = Debug|x86
		{007C3678-A849-48EA-9251-1AAA1B947493}.Debug|x86.Deploy.0 = Debug|x86
		{007C3678-A849-48EA-9251-1AAA1B947493}.Release|ARM.ActiveCfg = Release|ARM
		{007C3678-A849-48EA-9251-1AAA1B947493}.Release|ARM.Build.0 = Release|ARM
		{007C3678-A849-48EA-9251-1AAA1B947493}.Release|ARM.Deploy.0 = Release|ARM
		{007C3678-A849-48EA-9251-1AAA1B947493}.Release|x64.ActiveCfg = Release|x64
		{007C3678-A849-48EA-9251-1AAA1B947493}.Release|x64.Build.0 = Release|x64
		{007C3678-A849-48EA-9251-1AAA1B947493}.Release|x64.Deploy.0 = Release|x64
		{007C3678-A849-48EA-9251-1AAA1B947493}.Release|x86.ActiveCfg = Release|x86
		{007C3678-A849-48EA-9251-1AAA1B947493}.Release|x86.Build.0 = Release|x86
		{007C3678-A849-48EA-9251-1AAA1B947493}.Release|x86.Deploy.0 = Release|x86
	EndGlobalSection
	GlobalSection(SolutionProperties) = preSolution
		HideSolutionNode = FALSE
	EndGlobalSection
EndGlobal
